
Microsoft Visual Studio Solution File, Format Version 12.00
# Visual Studio Version 17
VisualStudioVersion = 17.8.34525.116
MinimumVisualStudioVersion = 10.0.40219.1
Project("{FAE04EC0-301F-11D3-BF4B-00C04F79EFBC}") = "CreacionClases", "CreacionClases\CreacionClases.csproj", "{8CB11E6B-6D5D-4360-BEA1-1312F8FC03D4}"
EndProject
Global
	GlobalSection(SolutionConfigurationPlatforms) = preSolution
		Debug|Any CPU = Debug|Any CPU
		Release|Any CPU = Release|Any CPU
	EndGlobalSection
	GlobalSection(ProjectConfigurationPlatforms) = postSolution
		{8CB11E6B-6D5D-4360-BEA1-1312F8FC03D4}.Debug|Any CPU.ActiveCfg = Debug|Any CPU
		{8CB11E6B-6D5D-4360-BEA1-1312F8FC03D4}.Debug|Any CPU.Build.0 = Debug|Any CPU
		{8CB11E6B-6D5D-4360-BEA1-1312F8FC03D4}.Release|Any CPU.ActiveCfg = Release|Any CPU
		{8CB11E6B-6D5D-4360-BEA1-1312F8FC03D4}.Release|Any CPU.Build.0 = Release|Any CPU
	EndGlobalSection
	GlobalSection(SolutionProperties) = preSolution
		HideSolutionNode = FALSE
	EndGlobalSection
	GlobalSection(ExtensibilityGlobals) = postSolution
		SolutionGuid = {60E14E75-8C8F-4282-A7F1-37FB1C181B32}
	EndGlobalSection
EndGlobal
